dependencies:
- alias: ""
  condition: ""
  enabled: false
  import-values: null
  name: mongodb
  repository: https://kubernetes-charts.storage.googleapis.com
  tags: null
  version: 0.4.15
digest: sha256:0f95a97c5ca3f62fe7f3507d8621b292316161fa28615058fc15f571a328d373
generated: 2017-08-24T21:12:23.316172785-06:00
